
Microsoft Visual Studio Solution File, Format Version 12.00
# Visual Studio 15
VisualStudioVersion = 15.0.26730.15
MinimumVisualStudioVersion = 10.0.40219.1
Project("{2150E333-8FDC-42A3-9474-1A3956D46DE8}") = "UnitTests", "UnitTests", "{B5108FA6-4B7D-4518-8E66-151AD873ABDB}"
EndProject
Project("{2150E333-8FDC-42A3-9474-1A3956D46DE8}") = "ContentTypesHelper", "ContentTypesHelper", "{319327AF-9886-4BD9-A5C4-0062F982418E}"
EndProject
Project("{9A19103F-16F7-4668-BE54-9A1E7A4F7556}") = "Take.Blip.ContentTypesHelper", "ContentTypesHelper\Take.Blip.ContentTypesHelper.csproj", "{5AC6CA70-5498-4E65-99D5-4C30E136044E}"
EndProject
Project("{9A19103F-16F7-4668-BE54-9A1E7A4F7556}") = "Take.Blip.ContentTypesHelper.Tests", "UnitTests\Take.Blip.ContentTypesHelper.Tests.csproj", "{B478B9B0-E53C-48E3-9EC1-D0ABDDDA48E7}"
EndProject
Global
	GlobalSection(SolutionConfigurationPlatforms) = preSolution
		Debug|Any CPU = Debug|Any CPU
		Release|Any CPU = Release|Any CPU
	EndGlobalSection
	GlobalSection(ProjectConfigurationPlatforms) = postSolution
		{5AC6CA70-5498-4E65-99D5-4C30E136044E}.Debug|Any CPU.ActiveCfg = Debug|Any CPU
		{5AC6CA70-5498-4E65-99D5-4C30E136044E}.Debug|Any CPU.Build.0 = Debug|Any CPU
		{5AC6CA70-5498-4E65-99D5-4C30E136044E}.Release|Any CPU.ActiveCfg = Release|Any CPU
		{5AC6CA70-5498-4E65-99D5-4C30E136044E}.Release|Any CPU.Build.0 = Release|Any CPU
		{B478B9B0-E53C-48E3-9EC1-D0ABDDDA48E7}.Debug|Any CPU.ActiveCfg = Debug|Any CPU
		{B478B9B0-E53C-48E3-9EC1-D0ABDDDA48E7}.Debug|Any CPU.Build.0 = Debug|Any CPU
		{B478B9B0-E53C-48E3-9EC1-D0ABDDDA48E7}.Release|Any CPU.ActiveCfg = Release|Any CPU
		{B478B9B0-E53C-48E3-9EC1-D0ABDDDA48E7}.Release|Any CPU.Build.0 = Release|Any CPU
	EndGlobalSection
	GlobalSection(SolutionProperties) = preSolution
		HideSolutionNode = FALSE
	EndGlobalSection
	GlobalSection(NestedProjects) = preSolution
		{5AC6CA70-5498-4E65-99D5-4C30E136044E} = {319327AF-9886-4BD9-A5C4-0062F982418E}
		{B478B9B0-E53C-48E3-9EC1-D0ABDDDA48E7} = {B5108FA6-4B7D-4518-8E66-151AD873ABDB}
	EndGlobalSection
	GlobalSection(ExtensibilityGlobals) = postSolution
		SolutionGuid = {673C00DD-C0FF-4085-8E04-E0727DD4FED1}
	EndGlobalSection
EndGlobal
